
Microsoft Visual Studio Solution File, Format Version 12.00
# Visual Studio Version 16
VisualStudioVersion = 16.0.30011.22
MinimumVisualStudioVersion = 10.0.40219.1
Project("{9A19103F-16F7-4668-BE54-9A1E7A4F7556}") = "CShp_Calculos", "Calculo\CShp_Calculos.csproj", "{E090027E-3DAC-42A4-8015-1D5EFB11124D}"
EndProject
Project("{FAE04EC0-301F-11D3-BF4B-00C04F79EFBC}") = "CShp_Calculos.Test", "CShp_Calculos.Test\CShp_Calculos.Test.csproj", "{0DBC63EA-071F-4992-B00D-CBC2149C0A08}"
EndProject
Global
	GlobalSection(SolutionConfigurationPlatforms) = preSolution
		Debug|Any CPU = Debug|Any CPU
		Release|Any CPU = Release|Any CPU
	EndGlobalSection
	GlobalSection(ProjectConfigurationPlatforms) = postSolution
		{E090027E-3DAC-42A4-8015-1D5EFB11124D}.Debug|Any CPU.ActiveCfg = Debug|Any CPU
		{E090027E-3DAC-42A4-8015-1D5EFB11124D}.Debug|Any CPU.Build.0 = Debug|Any CPU
		{E090027E-3DAC-42A4-8015-1D5EFB11124D}.Release|Any CPU.ActiveCfg = Release|Any CPU
		{E090027E-3DAC-42A4-8015-1D5EFB11124D}.Release|Any CPU.Build.0 = Release|Any CPU
		{0DBC63EA-071F-4992-B00D-CBC2149C0A08}.Debug|Any CPU.ActiveCfg = Debug|Any CPU
		{0DBC63EA-071F-4992-B00D-CBC2149C0A08}.Debug|Any CPU.Build.0 = Debug|Any CPU
		{0DBC63EA-071F-4992-B00D-CBC2149C0A08}.Release|Any CPU.ActiveCfg = Release|Any CPU
		{0DBC63EA-071F-4992-B00D-CBC2149C0A08}.Release|Any CPU.Build.0 = Release|Any CPU
	EndGlobalSection
	GlobalSection(SolutionProperties) = preSolution
		HideSolutionNode = FALSE
	EndGlobalSection
	GlobalSection(ExtensibilityGlobals) = postSolution
		SolutionGuid = {E94C764C-96C0-46B6-A35D-50A9EB2FDBF4}
	EndGlobalSection
EndGlobal
